
Microsoft Visual Studio Solution File, Format Version 12.00
# Visual Studio Version 17
VisualStudioVersion = 17.3.32929.385
MinimumVisualStudioVersion = 10.0.40219.1
Project("{F184B08F-C81C-45F6-A57F-5ABD9991F28F}") = "2D Platformer", "2D Platformer\2D Platformer.vbproj", "{8126A66D-2FA9-4E12-A12F-3131771DD791}"
EndProject
Global
	GlobalSection(SolutionConfigurationPlatforms) = preSolution
		Debug|Any CPU = Debug|Any CPU
		Release|Any CPU = Release|Any CPU
	EndGlobalSection
	GlobalSection(ProjectConfigurationPlatforms) = postSolution
		{8126A66D-2FA9-4E12-A12F-3131771DD791}.Debug|Any CPU.ActiveCfg = Debug|Any CPU
		{8126A66D-2FA9-4E12-A12F-3131771DD791}.Debug|Any CPU.Build.0 = Debug|Any CPU
		{8126A66D-2FA9-4E12-A12F-3131771DD791}.Release|Any CPU.ActiveCfg = Release|Any CPU
		{8126A66D-2FA9-4E12-A12F-3131771DD791}.Release|Any CPU.Build.0 = Release|Any CPU
	EndGlobalSection
	GlobalSection(SolutionProperties) = preSolution
		HideSolutionNode = FALSE
	EndGlobalSection
	GlobalSection(ExtensibilityGlobals) = postSolution
		SolutionGuid = {1D26D1E5-93AE-4D0A-9F9A-426FF18F8A69}
	EndGlobalSection
EndGlobal
